
Microsoft Visual Studio Solution File, Format Version 12.00
# Visual Studio Version 17
VisualStudioVersion = 17.11.35312.102
MinimumVisualStudioVersion = 10.0.40219.1
Project("{FAE04EC0-301F-11D3-BF4B-00C04F79EFBC}") = "Instructor_Cookiecookbook", "Instructor_Cookiecookbook.csproj", "{C932C42D-4DB2-4AEC-B0F4-44B4E56BA9F7}"
EndProject
Global
	GlobalSection(SolutionConfigurationPlatforms) = preSolution
		Debug|Any CPU = Debug|Any CPU
		Release|Any CPU = Release|Any CPU
	EndGlobalSection
	GlobalSection(ProjectConfigurationPlatforms) = postSolution
		{C932C42D-4DB2-4AEC-B0F4-44B4E56BA9F7}.Debug|Any CPU.ActiveCfg = Debug|Any CPU
		{C932C42D-4DB2-4AEC-B0F4-44B4E56BA9F7}.Debug|Any CPU.Build.0 = Debug|Any CPU
		{C932C42D-4DB2-4AEC-B0F4-44B4E56BA9F7}.Release|Any CPU.ActiveCfg = Release|Any CPU
		{C932C42D-4DB2-4AEC-B0F4-44B4E56BA9F7}.Release|Any CPU.Build.0 = Release|Any CPU
	EndGlobalSection
	GlobalSection(SolutionProperties) = preSolution
		HideSolutionNode = FALSE
	EndGlobalSection
	GlobalSection(ExtensibilityGlobals) = postSolution
		SolutionGuid = {93C8641D-7FAB-4180-BAA0-45FA88C0CA72}
	EndGlobalSection
EndGlobal
