
Microsoft Visual Studio Solution File, Format Version 12.00
# Visual Studio Version 17
VisualStudioVersion = 17.11.35303.130
MinimumVisualStudioVersion = 10.0.40219.1
Project("{FAE04EC0-301F-11D3-BF4B-00C04F79EFBC}") = "Example", "Example\Example.csproj", "{C316C776-2DA2-406A-B3B4-D45E98EA3004}"
EndProject
Global
	GlobalSection(SolutionConfigurationPlatforms) = preSolution
		Debug|Any CPU = Debug|Any CPU
		Release|Any CPU = Release|Any CPU
	EndGlobalSection
	GlobalSection(ProjectConfigurationPlatforms) = postSolution
		{C316C776-2DA2-406A-B3B4-D45E98EA3004}.Debug|Any CPU.ActiveCfg = Debug|Any CPU
		{C316C776-2DA2-406A-B3B4-D45E98EA3004}.Debug|Any CPU.Build.0 = Debug|Any CPU
		{C316C776-2DA2-406A-B3B4-D45E98EA3004}.Release|Any CPU.ActiveCfg = Release|Any CPU
		{C316C776-2DA2-406A-B3B4-D45E98EA3004}.Release|Any CPU.Build.0 = Release|Any CPU
	EndGlobalSection
	GlobalSection(SolutionProperties) = preSolution
		HideSolutionNode = FALSE
	EndGlobalSection
	GlobalSection(ExtensibilityGlobals) = postSolution
		SolutionGuid = {B88B5307-A541-4226-808B-512A83FA5FB4}
	EndGlobalSection
EndGlobal
