
Microsoft Visual Studio Solution File, Format Version 12.00
# Visual Studio Version 17
VisualStudioVersion = 17.8.34511.84
MinimumVisualStudioVersion = 10.0.40219.1
Project("{FAE04EC0-301F-11D3-BF4B-00C04F79EFBC}") = "DiceRollGame", "DiceRollGame\DiceRollGame.csproj", "{BBE18C7E-5177-4FDA-89F4-5873021C9C9A}"
EndProject
Global
	GlobalSection(SolutionConfigurationPlatforms) = preSolution
		Debug|Any CPU = Debug|Any CPU
		Release|Any CPU = Release|Any CPU
	EndGlobalSection
	GlobalSection(ProjectConfigurationPlatforms) = postSolution
		{BBE18C7E-5177-4FDA-89F4-5873021C9C9A}.Debug|Any CPU.ActiveCfg = Debug|Any CPU
		{BBE18C7E-5177-4FDA-89F4-5873021C9C9A}.Debug|Any CPU.Build.0 = Debug|Any CPU
		{BBE18C7E-5177-4FDA-89F4-5873021C9C9A}.Release|Any CPU.ActiveCfg = Release|Any CPU
		{BBE18C7E-5177-4FDA-89F4-5873021C9C9A}.Release|Any CPU.Build.0 = Release|Any CPU
	EndGlobalSection
	GlobalSection(SolutionProperties) = preSolution
		HideSolutionNode = FALSE
	EndGlobalSection
	GlobalSection(ExtensibilityGlobals) = postSolution
		SolutionGuid = {BE8A7B20-C675-43FA-A961-DD02BE24297A}
	EndGlobalSection
EndGlobal
