
Microsoft Visual Studio Solution File, Format Version 12.00
# Visual Studio Version 17
VisualStudioVersion = 17.11.35312.102
MinimumVisualStudioVersion = 10.0.40219.1
Project("{FAE04EC0-301F-11D3-BF4B-00C04F79EFBC}") = "GameDataParser", "GameDataParser.csproj", "{33AE4E6B-AE55-4419-B0E8-ED6EC1DAEE5E}"
EndProject
Global
	GlobalSection(SolutionConfigurationPlatforms) = preSolution
		Debug|Any CPU = Debug|Any CPU
		Release|Any CPU = Release|Any CPU
	EndGlobalSection
	GlobalSection(ProjectConfigurationPlatforms) = postSolution
		{33AE4E6B-AE55-4419-B0E8-ED6EC1DAEE5E}.Debug|Any CPU.ActiveCfg = Debug|Any CPU
		{33AE4E6B-AE55-4419-B0E8-ED6EC1DAEE5E}.Debug|Any CPU.Build.0 = Debug|Any CPU
		{33AE4E6B-AE55-4419-B0E8-ED6EC1DAEE5E}.Release|Any CPU.ActiveCfg = Release|Any CPU
		{33AE4E6B-AE55-4419-B0E8-ED6EC1DAEE5E}.Release|Any CPU.Build.0 = Release|Any CPU
	EndGlobalSection
	GlobalSection(SolutionProperties) = preSolution
		HideSolutionNode = FALSE
	EndGlobalSection
	GlobalSection(ExtensibilityGlobals) = postSolution
		SolutionGuid = {FE3B81AB-B302-4C17-9213-A59C31C0F1D0}
	EndGlobalSection
EndGlobal
