
Microsoft Visual Studio Solution File, Format Version 12.00
# Visual Studio Version 17
VisualStudioVersion = 17.14.36414.22 d17.14
MinimumVisualStudioVersion = 10.0.40219.1
Project("{FAE04EC0-301F-11D3-BF4B-00C04F79EFBC}") = "IEquatable", "IEquatable\IEquatable.csproj", "{AC1BD64D-171C-4C31-97D9-C0B4AA325DCD}"
EndProject
Global
	GlobalSection(SolutionConfigurationPlatforms) = preSolution
		Debug|Any CPU = Debug|Any CPU
		Release|Any CPU = Release|Any CPU
	EndGlobalSection
	GlobalSection(ProjectConfigurationPlatforms) = postSolution
		{AC1BD64D-171C-4C31-97D9-C0B4AA325DCD}.Debug|Any CPU.ActiveCfg = Debug|Any CPU
		{AC1BD64D-171C-4C31-97D9-C0B4AA325DCD}.Debug|Any CPU.Build.0 = Debug|Any CPU
		{AC1BD64D-171C-4C31-97D9-C0B4AA325DCD}.Release|Any CPU.ActiveCfg = Release|Any CPU
		{AC1BD64D-171C-4C31-97D9-C0B4AA325DCD}.Release|Any CPU.Build.0 = Release|Any CPU
	EndGlobalSection
	GlobalSection(SolutionProperties) = preSolution
		HideSolutionNode = FALSE
	EndGlobalSection
	GlobalSection(ExtensibilityGlobals) = postSolution
		SolutionGuid = {8C05991F-2853-43BB-B2F5-D5F46F3381E4}
	EndGlobalSection
EndGlobal
