
Microsoft Visual Studio Solution File, Format Version 12.00
# Visual Studio Version 17
VisualStudioVersion = 17.11.35222.181
MinimumVisualStudioVersion = 10.0.40219.1
Project("{FAE04EC0-301F-11D3-BF4B-00C04F79EFBC}") = "VariableNames", "VariableNames\VariableNames.csproj", "{D307FF70-28D2-42FC-A9A1-902DE37787AF}"
EndProject
Global
	GlobalSection(SolutionConfigurationPlatforms) = preSolution
		Debug|Any CPU = Debug|Any CPU
		Release|Any CPU = Release|Any CPU
	EndGlobalSection
	GlobalSection(ProjectConfigurationPlatforms) = postSolution
		{D307FF70-28D2-42FC-A9A1-902DE37787AF}.Debug|Any CPU.ActiveCfg = Debug|Any CPU
		{D307FF70-28D2-42FC-A9A1-902DE37787AF}.Debug|Any CPU.Build.0 = Debug|Any CPU
		{D307FF70-28D2-42FC-A9A1-902DE37787AF}.Release|Any CPU.ActiveCfg = Release|Any CPU
		{D307FF70-28D2-42FC-A9A1-902DE37787AF}.Release|Any CPU.Build.0 = Release|Any CPU
	EndGlobalSection
	GlobalSection(SolutionProperties) = preSolution
		HideSolutionNode = FALSE
	EndGlobalSection
	GlobalSection(ExtensibilityGlobals) = postSolution
		SolutionGuid = {79EBEC8B-090F-4740-B9DF-E5358B4E6264}
	EndGlobalSection
EndGlobal
