
Microsoft Visual Studio Solution File, Format Version 12.00
# Visual Studio Version 17
VisualStudioVersion = 17.14.36414.22 d17.14
MinimumVisualStudioVersion = 10.0.40219.1
Project("{FAE04EC0-301F-11D3-BF4B-00C04F79EFBC}") = "Equals", "Equals\Equals.csproj", "{7A06ECE6-6268-47E2-A0AA-C04466650B72}"
EndProject
Global
	GlobalSection(SolutionConfigurationPlatforms) = preSolution
		Debug|Any CPU = Debug|Any CPU
		Release|Any CPU = Release|Any CPU
	EndGlobalSection
	GlobalSection(ProjectConfigurationPlatforms) = postSolution
		{7A06ECE6-6268-47E2-A0AA-C04466650B72}.Debug|Any CPU.ActiveCfg = Debug|Any CPU
		{7A06ECE6-6268-47E2-A0AA-C04466650B72}.Debug|Any CPU.Build.0 = Debug|Any CPU
		{7A06ECE6-6268-47E2-A0AA-C04466650B72}.Release|Any CPU.ActiveCfg = Release|Any CPU
		{7A06ECE6-6268-47E2-A0AA-C04466650B72}.Release|Any CPU.Build.0 = Release|Any CPU
	EndGlobalSection
	GlobalSection(SolutionProperties) = preSolution
		HideSolutionNode = FALSE
	EndGlobalSection
	GlobalSection(ExtensibilityGlobals) = postSolution
		SolutionGuid = {0011FA47-23F7-43F9-93F3-AC45E49D1BF1}
	EndGlobalSection
EndGlobal
