
Microsoft Visual Studio Solution File, Format Version 12.00
# Visual Studio Version 17
VisualStudioVersion = 17.14.36221.1 d17.14
MinimumVisualStudioVersion = 10.0.40219.1
Project("{FAE04EC0-301F-11D3-BF4B-00C04F79EFBC}") = "BlazorAppIdentity", "BlazorAppIdentity\BlazorAppIdentity.csproj", "{956847D1-BCA8-436C-AAA4-B0D9188D4509}"
EndProject
Project("{FAE04EC0-301F-11D3-BF4B-00C04F79EFBC}") = "BlazorAppIdentity.Client", "BlazorAppIdentity.Client\BlazorAppIdentity.Client.csproj", "{FD1FBD7C-5163-4ED0-A756-F32EC487B4F1}"
EndProject
Global
	GlobalSection(SolutionConfigurationPlatforms) = preSolution
		Debug|Any CPU = Debug|Any CPU
		Release|Any CPU = Release|Any CPU
	EndGlobalSection
	GlobalSection(ProjectConfigurationPlatforms) = postSolution
		{956847D1-BCA8-436C-AAA4-B0D9188D4509}.Debug|Any CPU.ActiveCfg = Debug|Any CPU
		{956847D1-BCA8-436C-AAA4-B0D9188D4509}.Debug|Any CPU.Build.0 = Debug|Any CPU
		{956847D1-BCA8-436C-AAA4-B0D9188D4509}.Release|Any CPU.ActiveCfg = Release|Any CPU
		{956847D1-BCA8-436C-AAA4-B0D9188D4509}.Release|Any CPU.Build.0 = Release|Any CPU
		{FD1FBD7C-5163-4ED0-A756-F32EC487B4F1}.Debug|Any CPU.ActiveCfg = Debug|Any CPU
		{FD1FBD7C-5163-4ED0-A756-F32EC487B4F1}.Debug|Any CPU.Build.0 = Debug|Any CPU
		{FD1FBD7C-5163-4ED0-A756-F32EC487B4F1}.Release|Any CPU.ActiveCfg = Release|Any CPU
		{FD1FBD7C-5163-4ED0-A756-F32EC487B4F1}.Release|Any CPU.Build.0 = Release|Any CPU
	EndGlobalSection
	GlobalSection(SolutionProperties) = preSolution
		HideSolutionNode = FALSE
	EndGlobalSection
	GlobalSection(ExtensibilityGlobals) = postSolution
		SolutionGuid = {CBB3F523-4D4B-4ACF-AC5F-2E5B0A347D18}
	EndGlobalSection
EndGlobal
