
Microsoft Visual Studio Solution File, Format Version 12.00
# Visual Studio Version 17
VisualStudioVersion = 17.11.35222.181
MinimumVisualStudioVersion = 10.0.40219.1
Project("{FAE04EC0-301F-11D3-BF4B-00C04F79EFBC}") = "ImplicitVariables", "ImplicitVariables\ImplicitVariables.csproj", "{A8061DD5-F3DC-4910-ACF5-BCB65994A76D}"
EndProject
Global
	GlobalSection(SolutionConfigurationPlatforms) = preSolution
		Debug|Any CPU = Debug|Any CPU
		Release|Any CPU = Release|Any CPU
	EndGlobalSection
	GlobalSection(ProjectConfigurationPlatforms) = postSolution
		{A8061DD5-F3DC-4910-ACF5-BCB65994A76D}.Debug|Any CPU.ActiveCfg = Debug|Any CPU
		{A8061DD5-F3DC-4910-ACF5-BCB65994A76D}.Debug|Any CPU.Build.0 = Debug|Any CPU
		{A8061DD5-F3DC-4910-ACF5-BCB65994A76D}.Release|Any CPU.ActiveCfg = Release|Any CPU
		{A8061DD5-F3DC-4910-ACF5-BCB65994A76D}.Release|Any CPU.Build.0 = Release|Any CPU
	EndGlobalSection
	GlobalSection(SolutionProperties) = preSolution
		HideSolutionNode = FALSE
	EndGlobalSection
	GlobalSection(ExtensibilityGlobals) = postSolution
		SolutionGuid = {21C30397-47A0-42F4-A433-46651449E47C}
	EndGlobalSection
EndGlobal
