
Microsoft Visual Studio Solution File, Format Version 12.00
# Visual Studio Version 17
VisualStudioVersion = 17.8.34511.84
MinimumVisualStudioVersion = 10.0.40219.1
Project("{9A19103F-16F7-4668-BE54-9A1E7A4F7556}") = "Names_SingleResponsibilityPrinciple", "Principles\Names_SingleResponsibilityPrinciple.csproj", "{B9AB4BD0-D4EE-4D3D-A5B4-CCD866128AE5}"
EndProject
Global
	GlobalSection(SolutionConfigurationPlatforms) = preSolution
		Debug|Any CPU = Debug|Any CPU
		Release|Any CPU = Release|Any CPU
	EndGlobalSection
	GlobalSection(ProjectConfigurationPlatforms) = postSolution
		{B9AB4BD0-D4EE-4D3D-A5B4-CCD866128AE5}.Debug|Any CPU.ActiveCfg = Debug|Any CPU
		{B9AB4BD0-D4EE-4D3D-A5B4-CCD866128AE5}.Debug|Any CPU.Build.0 = Debug|Any CPU
		{B9AB4BD0-D4EE-4D3D-A5B4-CCD866128AE5}.Release|Any CPU.ActiveCfg = Release|Any CPU
		{B9AB4BD0-D4EE-4D3D-A5B4-CCD866128AE5}.Release|Any CPU.Build.0 = Release|Any CPU
	EndGlobalSection
	GlobalSection(SolutionProperties) = preSolution
		HideSolutionNode = FALSE
	EndGlobalSection
	GlobalSection(ExtensibilityGlobals) = postSolution
		SolutionGuid = {7C76D460-B7D1-4A10-80A4-790CFC3B61FE}
	EndGlobalSection
EndGlobal
